schema: '2.0'
stages:
  load_data:
    cmd: python stage1_load_save.py --config=configuration/config.yaml
    deps:
    - path: configuration/config.yaml
      md5: 4dbcee23cba164b6e93ad8473028c3bc
      size: 392
    - path: src/utils/all_utils.py
      md5: 38839f7186eaa746920fd9f60dd24ec3
      size: 611
    - path: stage1_load_save.py
      md5: 0a0f2d14ead3c9cd909e534b511aadba
      size: 968
    outs:
    - path: artifacts/local_dir/data.csv
      md5: 5c33bd2c9a20152b080d3ae7ee0542b6
      size: 93599
  split_data:
    cmd: python stage2_split_data.py --config=configuration/config.yaml --params=params.yaml
    deps:
    - path: artifacts/local_dir/data.csv
      md5: 5c33bd2c9a20152b080d3ae7ee0542b6
      size: 93599
    - path: configuration/config.yaml
      md5: 4dbcee23cba164b6e93ad8473028c3bc
      size: 392
    - path: params.yaml
      md5: 1ff46662dec284504afab2f691f32a0f
      size: 103
    - path: src/utils/all_utils.py
      md5: 38839f7186eaa746920fd9f60dd24ec3
      size: 611
    - path: stage2_split_data.py
      md5: 066a3ce8588afa19f97cf3369d566eff
      size: 1954
    params:
      params.yaml:
        base.random_state: 0
        base.test_size: 0.3
    outs:
    - path: artifacts/split_data_dir/test.csv
      md5: 251018775ca7fbd608d37c6a61435670
      size: 28140
    - path: artifacts/split_data_dir/train.csv
      md5: 4403f5d230b67504ca873a4ba22b7dd4
      size: 65606
  train_model:
    cmd: python stage3_train.py --config=configuration/config.yaml --params=params.yaml
    deps:
    - path: artifacts/split_data_dir/train.csv
      md5: 4403f5d230b67504ca873a4ba22b7dd4
      size: 65606
    - path: configuration/config.yaml
      md5: 4dbcee23cba164b6e93ad8473028c3bc
      size: 392
    - path: params.yaml
      md5: 1ff46662dec284504afab2f691f32a0f
      size: 103
    - path: src/utils/all_utils.py
      md5: 38839f7186eaa746920fd9f60dd24ec3
      size: 611
    - path: stage2_split_data.py
      md5: 066a3ce8588afa19f97cf3369d566eff
      size: 1954
    - path: stage3_train.py
      md5: 5d50ddd27b89d7c9ca9f43d69493fa9b
      size: 1602
    params:
      params.yaml:
        base.test_size: 0.3
        models.ElasticNet.alpha: 0.5
        models.ElasticNet.l1_ratio: 0.5
    outs:
    - path: models/Elastic_Model.sav
      md5: 2c79e47bce30744572b4452153e09648
      size: 1316
  evaluate_model:
    cmd: python stage4_evaluate.py --config=configuration/config.yaml --params=params.yaml
    deps:
    - path: configuration/config.yaml
      md5: 4dbcee23cba164b6e93ad8473028c3bc
      size: 392
    - path: models/Elastic_Model.sav
      md5: 2c79e47bce30744572b4452153e09648
      size: 1316
    - path: params.yaml
      md5: 1ff46662dec284504afab2f691f32a0f
      size: 103
    - path: src/utils/all_utils.py
      md5: 38839f7186eaa746920fd9f60dd24ec3
      size: 611
    - path: stage3_train.py
      md5: 5d50ddd27b89d7c9ca9f43d69493fa9b
      size: 1602
    - path: stage4_evaluate.py
      md5: 50353bdcaaaf2005cd0566c9ab16c521
      size: 2036
    outs:
    - path: reports/scores.json
      md5: e9c6dff5b9230ee9bd651d088778123f
      size: 148
