schema: '2.0'
stages:
  stage1:
    cmd: python stage01.py
    deps:
    - path: stage01.py
      md5: ae94230065e391196f1734491791f941
      size: 101
    outs:
    - path: artifacts.txt
      md5: 1e5c4afacb3b98d42198e1e480919db4
      size: 25
  stage2:
    cmd: python stage02.py
    deps:
    - path: artifacts.txt
      md5: 1e5c4afacb3b98d42198e1e480919db4
      size: 25
    - path: stage02.py
      md5: 9240b66d22ac54b9527e6cd75b18d9bc
      size: 103
  stage3:
    cmd: python stage03.py
    deps:
    - path: artifacts.txt
      md5: 7a10f6be8233c92806d0a250bb5c4590
      size: 48
    - path: stage01.py
      md5: ae94230065e391196f1734491791f941
      size: 101
    - path: stage02.py
      md5: 9240b66d22ac54b9527e6cd75b18d9bc
      size: 103
